
Microsoft Visual Studio Solution File, Format Version 12.00
# Visual Studio Version 16
VisualStudioVersion = 16.0.28803.452
MinimumVisualStudioVersion = 10.0.40219.1
Project("{FAE04EC0-301F-11D3-BF4B-00C04F79EFBC}") = "ReusingViewsRepro", "ReusingViewsRepro\ReusingViewsRepro.csproj", "{F99E6D95-213C-4059-A7E2-4D20776C7BBB}"
EndProject
Project("{FAE04EC0-301F-11D3-BF4B-00C04F79EFBC}") = "ReusableComponent", "ReusableComponent\ReusableComponent.csproj", "{C663458B-4D46-4D66-BBA0-79F2BB4FD9E9}"
EndProject
Global
	GlobalSection(SolutionConfigurationPlatforms) = preSolution
		Debug|Any CPU = Debug|Any CPU
		Release|Any CPU = Release|Any CPU
	EndGlobalSection
	GlobalSection(ProjectConfigurationPlatforms) = postSolution
		{F99E6D95-213C-4059-A7E2-4D20776C7BBB}.Debug|Any CPU.ActiveCfg = Debug|Any CPU
		{F99E6D95-213C-4059-A7E2-4D20776C7BBB}.Debug|Any CPU.Build.0 = Debug|Any CPU
		{F99E6D95-213C-4059-A7E2-4D20776C7BBB}.Release|Any CPU.ActiveCfg = Release|Any CPU
		{F99E6D95-213C-4059-A7E2-4D20776C7BBB}.Release|Any CPU.Build.0 = Release|Any CPU
		{C663458B-4D46-4D66-BBA0-79F2BB4FD9E9}.Debug|Any CPU.ActiveCfg = Debug|Any CPU
		{C663458B-4D46-4D66-BBA0-79F2BB4FD9E9}.Debug|Any CPU.Build.0 = Debug|Any CPU
		{C663458B-4D46-4D66-BBA0-79F2BB4FD9E9}.Release|Any CPU.ActiveCfg = Release|Any CPU
		{C663458B-4D46-4D66-BBA0-79F2BB4FD9E9}.Release|Any CPU.Build.0 = Release|Any CPU
	EndGlobalSection
	GlobalSection(SolutionProperties) = preSolution
		HideSolutionNode = FALSE
	EndGlobalSection
	GlobalSection(ExtensibilityGlobals) = postSolution
		SolutionGuid = {715BF793-7025-4851-B6FC-9C98AC97F844}
	EndGlobalSection
EndGlobal
